{
    "_meta": {
        "hash": {
            "sha256": "ec317449c3c761da0f16fd7b334840704dca0a4e1885a200c0de7dd3aec5e0cb"
        },
        "pipfile-spec": 6,
        "requires": {
            "python_version": "3.12"
        },
        "sources": [
            {
                "name": "pypi",
                "url": "https://pypi.org/simple",
                "verify_ssl": true
            }
        ]
    },
    "default": {},
    "develop": {}
}
